// !$*UTF8*$!
{
	archiveVersion = 1;
	classes = {
	};
	objectVersion = 50;
	objects = {

/* Begin PBXBuildFile section */
		350200F0209C20E100CA539F /* TableView.storyboard in Resources */ = {isa = PBXBuildFile; fileRef = 350200EF209C20E100CA539F /* TableView.storyboard */; };
		350200F2209C217900CA539F /* TableViewController.swift in Sources */ = {isa = PBXBuildFile; fileRef = 350200F1209C217900CA539F /* TableViewController.swift */; };
		350200F6209C2F9500CA539F /* Variables.swift in Sources */ = {isa = PBXBuildFile; fileRef = 350200F5209C2F9500CA539F /* Variables.swift */; };
		350200F8209CC42E00CA539F /* TableViewEntryGenerationClient.swift in Sources */ = {isa = PBXBuildFile; fileRef = 350200F7209CC42E00CA539F /* TableViewEntryGenerationClient.swift */; };
		350200FB209D35AA00CA539F /* InformationTableViewCell.swift in Sources */ = {isa = PBXBuildFile; fileRef = 350200FA209D35AA00CA539F /* InformationTableViewCell.swift */; };
		350200FD209E00F700CA539F /* SpecificEntryGenerationClient.swift in Sources */ = {isa = PBXBuildFile; fileRef = 350200FC209E00F700CA539F /* SpecificEntryGenerationClient.swift */; };
		350200FF209E024C00CA539F /* InformationView.storyboard in Resources */ = {isa = PBXBuildFile; fileRef = 350200FE209E024C00CA539F /* InformationView.storyboard */; };
		35020104209E03F300CA539F /* Character.swift in Sources */ = {isa = PBXBuildFile; fileRef = 35020103209E03F300CA539F /* Character.swift */; };
		35020106209E03FA00CA539F /* Planet.swift in Sources */ = {isa = PBXBuildFile; fileRef = 35020105209E03FA00CA539F /* Planet.swift */; };
		35020108209E043900CA539F /* Vehicle.swift in Sources */ = {isa = PBXBuildFile; fileRef = 35020107209E043900CA539F /* Vehicle.swift */; };
		3502010A209E044000CA539F /* Species.swift in Sources */ = {isa = PBXBuildFile; fileRef = 35020109209E044000CA539F /* Species.swift */; };
		3502010C209E5A1300CA539F /* SingularInfoModel.swift in Sources */ = {isa = PBXBuildFile; fileRef = 3502010B209E5A1300CA539F /* SingularInfoModel.swift */; };
		3502010E209E79CE00CA539F /* InformationViewController.swift in Sources */ = {isa = PBXBuildFile; fileRef = 3502010D209E79CE00CA539F /* InformationViewController.swift */; };
		35020112209E892600CA539F /* InformationView.swift in Sources */ = {isa = PBXBuildFile; fileRef = 35020111209E892600CA539F /* InformationView.swift */; };
		35294DF420996F7E00168295 /* AppDelegate.swift in Sources */ = {isa = PBXBuildFile; fileRef = 35294DF320996F7E00168295 /* AppDelegate.swift */; };
		35294DF620996F7E00168295 /* MainMenuViewController.swift in Sources */ = {isa = PBXBuildFile; fileRef = 35294DF520996F7E00168295 /* MainMenuViewController.swift */; };
		35294DF920996F7E00168295 /* Main.storyboard in Resources */ = {isa = PBXBuildFile; fileRef = 35294DF720996F7E00168295 /* Main.storyboard */; };
		35294DFC20996F7E00168295 /* StarWarsInformation.xcdatamodeld in Sources */ = {isa = PBXBuildFile; fileRef = 35294DFA20996F7E00168295 /* StarWarsInformation.xcdatamodeld */; };
		35294DFE20996F8200168295 /* Assets.xcassets in Resources */ = {isa = PBXBuildFile; fileRef = 35294DFD20996F8200168295 /* Assets.xcassets */; };
		35294E0120996F8200168295 /* LaunchScreen.storyboard in Resources */ = {isa = PBXBuildFile; fileRef = 35294DFF20996F8200168295 /* LaunchScreen.storyboard */; };
		35294E0E209973E600168295 /* InformationApiClient.swift in Sources */ = {isa = PBXBuildFile; fileRef = 35294E0D209973E600168295 /* InformationApiClient.swift */; };
		35294E102099745000168295 /* TableViewRowEntry.swift in Sources */ = {isa = PBXBuildFile; fileRef = 35294E0F2099745000168295 /* TableViewRowEntry.swift */; };
		35294E122099747000168295 /* CellType.swift in Sources */ = {isa = PBXBuildFile; fileRef = 35294E112099747000168295 /* CellType.swift */; };
		357826B121F51961003D0A64 /* MainMenuInformationCell.swift in Sources */ = {isa = PBXBuildFile; fileRef = 357826B021F51961003D0A64 /* MainMenuInformationCell.swift */; };
		357826B321F52026003D0A64 /* MainMenuInformationModel.swift in Sources */ = {isa = PBXBuildFile; fileRef = 357826B221F52026003D0A64 /* MainMenuInformationModel.swift */; };
		3596746820A808580093B263 /* MovieGenerationClient.swift in Sources */ = {isa = PBXBuildFile; fileRef = 3596746720A808580093B263 /* MovieGenerationClient.swift */; };
		35E1FC6B20A7FFC20012CCA0 /* Movie.swift in Sources */ = {isa = PBXBuildFile; fileRef = 35E1FC6A20A7FFC20012CCA0 /* Movie.swift */; };
		35E1FC6D20A8036E0012CCA0 /* MovieCollectionViewCell.swift in Sources */ = {isa = PBXBuildFile; fileRef = 35E1FC6C20A8036E0012CCA0 /* MovieCollectionViewCell.swift */; };
		35E932B620A77FA30057239A /* Starjedi.ttf in Resources */ = {isa = PBXBuildFile; fileRef = 35E932B520A77F930057239A /* Starjedi.ttf */; };
		35E932B720A77FA60057239A /* Starjhol.ttf in Resources */ = {isa = PBXBuildFile; fileRef = 35E932B420A77F920057239A /* Starjhol.ttf */; };
		AC2824F99DFB86534FD7B64C /* Pods_StarWarsInformation.framework in Frameworks */ = {isa = PBXBuildFile; fileRef = ED8BC3B059A05F0BA02921A3 /* Pods_StarWarsInformation.framework */; };
/* End PBXBuildFile section */

/* Begin PBXFileReference section */
		350200EF209C20E100CA539F /* TableView.storyboard */ = {isa = PBXFileReference; lastKnownFileType = file.storyboard; path = TableView.storyboard; sourceTree = "<group>"; };
		350200F1209C217900CA539F /* TableViewController.swift */ = {isa = PBXFileReference; lastKnownFileType = sourcecode.swift; path = TableViewController.swift; sourceTree = "<group>"; };
		350200F5209C2F9500CA539F /* Variables.swift */ = {isa = PBXFileReference; lastKnownFileType = sourcecode.swift; path = Variables.swift; sourceTree = "<group>"; };
		350200F7209CC42E00CA539F /* TableViewEntryGenerationClient.swift */ = {isa = PBXFileReference; lastKnownFileType = sourcecode.swift; path = TableViewEntryGenerationClient.swift; sourceTree = "<group>"; };
		350200FA209D35AA00CA539F /* InformationTableViewCell.swift */ = {isa = PBXFileReference; lastKnownFileType = sourcecode.swift; path = InformationTableViewCell.swift; sourceTree = "<group>"; };
		350200FC209E00F700CA539F /* SpecificEntryGenerationClient.swift */ = {isa = PBXFileReference; lastKnownFileType = sourcecode.swift; path = SpecificEntryGenerationClient.swift; sourceTree = "<group>"; };
		350200FE209E024C00CA539F /* InformationView.storyboard */ = {isa = PBXFileReference; lastKnownFileType = file.storyboard; path = InformationView.storyboard; sourceTree = "<group>"; };
		35020103209E03F300CA539F /* Character.swift */ = {isa = PBXFileReference; lastKnownFileType = sourcecode.swift; path = Character.swift; sourceTree = "<group>"; };
		35020105209E03FA00CA539F /* Planet.swift */ = {isa = PBXFileReference; lastKnownFileType = sourcecode.swift; path = Planet.swift; sourceTree = "<group>"; };
		35020107209E043900CA539F /* Vehicle.swift */ = {isa = PBXFileReference; lastKnownFileType = sourcecode.swift; path = Vehicle.swift; sourceTree = "<group>"; };
		35020109209E044000CA539F /* Species.swift */ = {isa = PBXFileReference; lastKnownFileType = sourcecode.swift; path = Species.swift; sourceTree = "<group>"; };
		3502010B209E5A1300CA539F /* SingularInfoModel.swift */ = {isa = PBXFileReference; lastKnownFileType = sourcecode.swift; path = SingularInfoModel.swift; sourceTree = "<group>"; };
		3502010D209E79CE00CA539F /* InformationViewController.swift */ = {isa = PBXFileReference; lastKnownFileType = sourcecode.swift; path = InformationViewController.swift; sourceTree = "<group>"; };
		35020111209E892600CA539F /* InformationView.swift */ = {isa = PBXFileReference; lastKnownFileType = sourcecode.swift; path = InformationView.swift; sourceTree = "<group>"; };
		35294DF020996F7E00168295 /* StarWarsInformation.app */ = {isa = PBXFileReference; explicitFileType = wrapper.application; includeInIndex = 0; path = StarWarsInformation.app; sourceTree = BUILT_PRODUCTS_DIR; };
		35294DF320996F7E00168295 /* AppDelegate.swift */ = {isa = PBXFileReference; lastKnownFileType = sourcecode.swift; path = AppDelegate.swift; sourceTree = "<group>"; };
		35294DF520996F7E00168295 /* MainMenuViewController.swift */ = {isa = PBXFileReference; lastKnownFileType = sourcecode.swift; path = MainMenuViewController.swift; sourceTree = "<group>"; };
		35294DF820996F7E00168295 /* Base */ = {isa = PBXFileReference; lastKnownFileType = file.storyboard; name = Base; path = Base.lproj/Main.storyboard; sourceTree = "<group>"; };
		35294DFB20996F7E00168295 /* StarWarsInformation.xcdatamodel */ = {isa = PBXFileReference; lastKnownFileType = wrapper.xcdatamodel; path = StarWarsInformation.xcdatamodel; sourceTree = "<group>"; };
		35294DFD20996F8200168295 /* Assets.xcassets */ = {isa = PBXFileReference; lastKnownFileType = folder.assetcatalog; path = Assets.xcassets; sourceTree = "<group>"; };
		35294E0020996F8200168295 /* Base */ = {isa = PBXFileReference; lastKnownFileType = file.storyboard; name = Base; path = Base.lproj/LaunchScreen.storyboard; sourceTree = "<group>"; };
		35294E0220996F8200168295 /* Info.plist */ = {isa = PBXFileReference; lastKnownFileType = text.plist.xml; path = Info.plist; sourceTree = "<group>"; };
		35294E0D209973E600168295 /* InformationApiClient.swift */ = {isa = PBXFileReference; lastKnownFileType = sourcecode.swift; path = InformationApiClient.swift; sourceTree = "<group>"; };
		35294E0F2099745000168295 /* TableViewRowEntry.swift */ = {isa = PBXFileReference; lastKnownFileType = sourcecode.swift; path = TableViewRowEntry.swift; sourceTree = "<group>"; };
		35294E112099747000168295 /* CellType.swift */ = {isa = PBXFileReference; lastKnownFileType = sourcecode.swift; path = CellType.swift; sourceTree = "<group>"; };
		357826B021F51961003D0A64 /* MainMenuInformationCell.swift */ = {isa = PBXFileReference; lastKnownFileType = sourcecode.swift; path = MainMenuInformationCell.swift; sourceTree = "<group>"; };
		357826B221F52026003D0A64 /* MainMenuInformationModel.swift */ = {isa = PBXFileReference; lastKnownFileType = sourcecode.swift; path = MainMenuInformationModel.swift; sourceTree = "<group>"; };
		3596746720A808580093B263 /* MovieGenerationClient.swift */ = {isa = PBXFileReference; lastKnownFileType = sourcecode.swift; path = MovieGenerationClient.swift; sourceTree = "<group>"; };
		35E1FC6A20A7FFC20012CCA0 /* Movie.swift */ = {isa = PBXFileReference; lastKnownFileType = sourcecode.swift; path = Movie.swift; sourceTree = "<group>"; };
		35E1FC6C20A8036E0012CCA0 /* MovieCollectionViewCell.swift */ = {isa = PBXFileReference; lastKnownFileType = sourcecode.swift; path = MovieCollectionViewCell.swift; sourceTree = "<group>"; };
		35E932B420A77F920057239A /* Starjhol.ttf */ = {isa = PBXFileReference; lastKnownFileType = file; path = Starjhol.ttf; sourceTree = "<group>"; };
		35E932B520A77F930057239A /* Starjedi.ttf */ = {isa = PBXFileReference; lastKnownFileType = file; path = Starjedi.ttf; sourceTree = "<group>"; };
		5A8CB1AC87F8348429988E59 /* Pods-StarWarsInformation.release.xcconfig */ = {isa = PBXFileReference; includeInIndex = 1; lastKnownFileType = text.xcconfig; name = "Pods-StarWarsInformation.release.xcconfig"; path = "Pods/Target Support Files/Pods-StarWarsInformation/Pods-StarWarsInformation.release.xcconfig"; sourceTree = "<group>"; };
		6A2C6781BDB80140C52D9C6C /* Pods-StarWarsInformation.debug.xcconfig */ = {isa = PBXFileReference; includeInIndex = 1; lastKnownFileType = text.xcconfig; name = "Pods-StarWarsInformation.debug.xcconfig"; path = "Pods/Target Support Files/Pods-StarWarsInformation/Pods-StarWarsInformation.debug.xcconfig"; sourceTree = "<group>"; };
		ED8BC3B059A05F0BA02921A3 /* Pods_StarWarsInformation.framework */ = {isa = PBXFileReference; explicitFileType = wrapper.framework; includeInIndex = 0; path = Pods_StarWarsInformation.framework; sourceTree = BUILT_PRODUCTS_DIR; };
/* End PBXFileReference section */

/* Begin PBXFrameworksBuildPhase section */
		35294DED20996F7E00168295 /* Frameworks */ = {
			isa = PBXFrameworksBuildPhase;
			buildActionMask = 2147483647;
			files = (
				AC2824F99DFB86534FD7B64C /* Pods_StarWarsInformation.framework in Frameworks */,
			);
			runOnlyForDeploymentPostprocessing = 0;
		};
/* End PBXFrameworksBuildPhase section */

/* Begin PBXGroup section */
		2637BD528C7CD03B9F062459 /* Pods */ = {
			isa = PBXGroup;
			children = (
				6A2C6781BDB80140C52D9C6C /* Pods-StarWarsInformation.debug.xcconfig */,
				5A8CB1AC87F8348429988E59 /* Pods-StarWarsInformation.release.xcconfig */,
			);
			name = Pods;
			sourceTree = "<group>";
		};
		350200F9209D357800CA539F /* Cells */ = {
			isa = PBXGroup;
			children = (
				350200FA209D35AA00CA539F /* InformationTableViewCell.swift */,
				35E1FC6C20A8036E0012CCA0 /* MovieCollectionViewCell.swift */,
				357826B021F51961003D0A64 /* MainMenuInformationCell.swift */,
			);
			path = Cells;
			sourceTree = "<group>";
		};
		35020102209E03DF00CA539F /* Type Specific Models */ = {
			isa = PBXGroup;
			children = (
				35020103209E03F300CA539F /* Character.swift */,
				35020105209E03FA00CA539F /* Planet.swift */,
				35020107209E043900CA539F /* Vehicle.swift */,
				35020109209E044000CA539F /* Species.swift */,
				3502010B209E5A1300CA539F /* SingularInfoModel.swift */,
				35E1FC6A20A7FFC20012CCA0 /* Movie.swift */,
			);
			path = "Type Specific Models";
			sourceTree = "<group>";
		};
		35294DE720996F7E00168295 = {
			isa = PBXGroup;
			children = (
				35294DF220996F7E00168295 /* StarWarsInformation */,
				35294DF120996F7E00168295 /* Products */,
				2637BD528C7CD03B9F062459 /* Pods */,
				AF91EA189C0FDEBCF49EE04E /* Frameworks */,
			);
			sourceTree = "<group>";
		};
		35294DF120996F7E00168295 /* Products */ = {
			isa = PBXGroup;
			children = (
				35294DF020996F7E00168295 /* StarWarsInformation.app */,
			);
			name = Products;
			sourceTree = "<group>";
		};
		35294DF220996F7E00168295 /* StarWarsInformation */ = {
			isa = PBXGroup;
			children = (
				35E932B320A77DA00057239A /* Fonts */,
				35294E0A2099736800168295 /* Controller */,
				35294E092099736300168295 /* View */,
				35294E082099735E00168295 /* Model */,
				35294DF320996F7E00168295 /* AppDelegate.swift */,
				350200F5209C2F9500CA539F /* Variables.swift */,
				35294DF720996F7E00168295 /* Main.storyboard */,
				350200EF209C20E100CA539F /* TableView.storyboard */,
				35294DFF20996F8200168295 /* LaunchScreen.storyboard */,
				350200FE209E024C00CA539F /* InformationView.storyboard */,
				35294E0220996F8200168295 /* Info.plist */,
				35294DFA20996F7E00168295 /* StarWarsInformation.xcdatamodeld */,
				35294DFD20996F8200168295 /* Assets.xcassets */,
			);
			path = StarWarsInformation;
			sourceTree = "<group>";
		};
		35294E082099735E00168295 /* Model */ = {
			isa = PBXGroup;
			children = (
				35020102209E03DF00CA539F /* Type Specific Models */,
				35294E0D209973E600168295 /* InformationApiClient.swift */,
				35294E0F2099745000168295 /* TableViewRowEntry.swift */,
				35294E112099747000168295 /* CellType.swift */,
				357826B221F52026003D0A64 /* MainMenuInformationModel.swift */,
			);
			path = Model;
			sourceTree = "<group>";
		};
		35294E092099736300168295 /* View */ = {
			isa = PBXGroup;
			children = (
				350200F9209D357800CA539F /* Cells */,
				35294DF520996F7E00168295 /* MainMenuViewController.swift */,
				350200F1209C217900CA539F /* TableViewController.swift */,
				3502010D209E79CE00CA539F /* InformationViewController.swift */,
				35020111209E892600CA539F /* InformationView.swift */,
			);
			path = View;
			sourceTree = "<group>";
		};
		35294E0A2099736800168295 /* Controller */ = {
			isa = PBXGroup;
			children = (
				350200F7209CC42E00CA539F /* TableViewEntryGenerationClient.swift */,
				350200FC209E00F700CA539F /* SpecificEntryGenerationClient.swift */,
				3596746720A808580093B263 /* MovieGenerationClient.swift */,
			);
			path = Controller;
			sourceTree = "<group>";
		};
		35E932B320A77DA00057239A /* Fonts */ = {
			isa = PBXGroup;
			children = (
				35E932B520A77F930057239A /* Starjedi.ttf */,
				35E932B420A77F920057239A /* Starjhol.ttf */,
			);
			path = Fonts;
			sourceTree = "<group>";
		};
		AF91EA189C0FDEBCF49EE04E /* Frameworks */ = {
			isa = PBXGroup;
			children = (
				ED8BC3B059A05F0BA02921A3 /* Pods_StarWarsInformation.framework */,
			);
			name = Frameworks;
			sourceTree = "<group>";
		};
/* End PBXGroup section */

/* Begin PBXNativeTarget section */
		35294DEF20996F7E00168295 /* StarWarsInformation */ = {
			isa = PBXNativeTarget;
			buildConfigurationList = 35294E0520996F8200168295 /* Build configuration list for PBXNativeTarget "StarWarsInformation" */;
			buildPhases = (
				A49B36FDF7FB0F0D9424D946 /* [CP] Check Pods Manifest.lock */,
				35294DEC20996F7E00168295 /* Sources */,
				35294DED20996F7E00168295 /* Frameworks */,
				35294DEE20996F7E00168295 /* Resources */,
				2DA51434585F2A7CD62D3BEF /* [CP] Embed Pods Frameworks */,
				ED5235F25031AABB9DD67D73 /* [CP] Copy Pods Resources */,
			);
			buildRules = (
			);
			dependencies = (
			);
			name = StarWarsInformation;
			productName = StarWarsInformation;
			productReference = 35294DF020996F7E00168295 /* StarWarsInformation.app */;
			productType = "com.apple.product-type.application";
		};
/* End PBXNativeTarget section */

/* Begin PBXProject section */
		35294DE820996F7E00168295 /* Project object */ = {
			isa = PBXProject;
			attributes = {
				LastSwiftUpdateCheck = 0930;
				LastUpgradeCheck = 0930;
				ORGANIZATIONNAME = "Satwik Munshi";
				TargetAttributes = {
					35294DEF20996F7E00168295 = {
						CreatedOnToolsVersion = 9.3;
					};
				};
			};
			buildConfigurationList = 35294DEB20996F7E00168295 /* Build configuration list for PBXProject "StarWarsInformation" */;
			compatibilityVersion = "Xcode 9.3";
			developmentRegion = en;
			hasScannedForEncodings = 0;
			knownRegions = (
				en,
				Base,
			);
			mainGroup = 35294DE720996F7E00168295;
			productRefGroup = 35294DF120996F7E00168295 /* Products */;
			projectDirPath = "";
			projectRoot = "";
			targets = (
				35294DEF20996F7E00168295 /* StarWarsInformation */,
			);
		};
/* End PBXProject section */

/* Begin PBXResourcesBuildPhase section */
		35294DEE20996F7E00168295 /* Resources */ = {
			isa = PBXResourcesBuildPhase;
			buildActionMask = 2147483647;
			files = (
				35294E0120996F8200168295 /* LaunchScreen.storyboard in Resources */,
				35294DFE20996F8200168295 /* Assets.xcassets in Resources */,
				350200FF209E024C00CA539F /* InformationView.storyboard in Resources */,
				350200F0209C20E100CA539F /* TableView.storyboard in Resources */,
				35E932B620A77FA30057239A /* Starjedi.ttf in Resources */,
				35E932B720A77FA60057239A /* Starjhol.ttf in Resources */,
				35294DF920996F7E00168295 /* Main.storyboard in Resources */,
			);
			runOnlyForDeploymentPostprocessing = 0;
		};
/* End PBXResourcesBuildPhase section */

/* Begin PBXShellScriptBuildPhase section */
		2DA51434585F2A7CD62D3BEF /* [CP] Embed Pods Frameworks */ = {
			isa = PBXShellScriptBuildPhase;
			buildActionMask = 2147483647;
			files = (
			);
			inputPaths = (
				"${SRCROOT}/Pods/Target Support Files/Pods-StarWarsInformation/Pods-StarWarsInformation-frameworks.sh",
				"${BUILT_PRODUCTS_DIR}/Alamofire/Alamofire.framework",
				"${BUILT_PRODUCTS_DIR}/SwiftyJSON/SwiftyJSON.framework",
			);
			name = "[CP] Embed Pods Frameworks";
			outputPaths = (
				"${TARGET_BUILD_DIR}/${FRAMEWORKS_FOLDER_PATH}/Alamofire.framework",
				"${TARGET_BUILD_DIR}/${FRAMEWORKS_FOLDER_PATH}/SwiftyJSON.framework",
			);
			runOnlyForDeploymentPostprocessing = 0;
			shellPath = /bin/sh;
			shellScript = "\"${SRCROOT}/Pods/Target Support Files/Pods-StarWarsInformation/Pods-StarWarsInformation-frameworks.sh\"\n";
			showEnvVarsInLog = 0;
		};
		A49B36FDF7FB0F0D9424D946 /* [CP] Check Pods Manifest.lock */ = {
			isa = PBXShellScriptBuildPhase;
			buildActionMask = 2147483647;
			files = (
			);
			inputPaths = (
				"${PODS_PODFILE_DIR_PATH}/Podfile.lock",
				"${PODS_ROOT}/Manifest.lock",
			);
			name = "[CP] Check Pods Manifest.lock";
			outputPaths = (
				"$(DERIVED_FILE_DIR)/Pods-StarWarsInformation-checkManifestLockResult.txt",
			);
			runOnlyForDeploymentPostprocessing = 0;
			shellPath = /bin/sh;
			shellScript = "diff \"${PODS_PODFILE_DIR_PATH}/Podfile.lock\" \"${PODS_ROOT}/Manifest.lock\" > /dev/null\nif [ $? != 0 ] ; then\n    # print error to STDERR\n    echo \"error: The sandbox is not in sync with the Podfile.lock. Run 'pod install' or update your CocoaPods installation.\" >&2\n    exit 1\nfi\n# This output is used by Xcode 'outputs' to avoid re-running this script phase.\necho \"SUCCESS\" > \"${SCRIPT_OUTPUT_FILE_0}\"\n";
			showEnvVarsInLog = 0;
		};
		ED5235F25031AABB9DD67D73 /* [CP] Copy Pods Resources */ = {
			isa = PBXShellScriptBuildPhase;
			buildActionMask = 2147483647;
			files = (
			);
			inputPaths = (
			);
			name = "[CP] Copy Pods Resources";
			outputPaths = (
			);
			runOnlyForDeploymentPostprocessing = 0;
			shellPath = /bin/sh;
			shellScript = "\"${SRCROOT}/Pods/Target Support Files/Pods-StarWarsInformation/Pods-StarWarsInformation-resources.sh\"\n";
			showEnvVarsInLog = 0;
		};
/* End PBXShellScriptBuildPhase section */

/* Begin PBXSourcesBuildPhase section */
		35294DEC20996F7E00168295 /* Sources */ = {
			isa = PBXSourcesBuildPhase;
			buildActionMask = 2147483647;
			files = (
				35E1FC6B20A7FFC20012CCA0 /* Movie.swift in Sources */,
				35294DF620996F7E00168295 /* MainMenuViewController.swift in Sources */,
				350200F2209C217900CA539F /* TableViewController.swift in Sources */,
				350200F8209CC42E00CA539F /* TableViewEntryGenerationClient.swift in Sources */,
				35020104209E03F300CA539F /* Character.swift in Sources */,
				3502010C209E5A1300CA539F /* SingularInfoModel.swift in Sources */,
				357826B321F52026003D0A64 /* MainMenuInformationModel.swift in Sources */,
				3596746820A808580093B263 /* MovieGenerationClient.swift in Sources */,
				35020108209E043900CA539F /* Vehicle.swift in Sources */,
				35E1FC6D20A8036E0012CCA0 /* MovieCollectionViewCell.swift in Sources */,
				35294E122099747000168295 /* CellType.swift in Sources */,
				35020106209E03FA00CA539F /* Planet.swift in Sources */,
				350200FD209E00F700CA539F /* SpecificEntryGenerationClient.swift in Sources */,
				350200F6209C2F9500CA539F /* Variables.swift in Sources */,
				350200FB209D35AA00CA539F /* InformationTableViewCell.swift in Sources */,
				35294DF420996F7E00168295 /* AppDelegate.swift in Sources */,
				35294E102099745000168295 /* TableViewRowEntry.swift in Sources */,
				35294DFC20996F7E00168295 /* StarWarsInformation.xcdatamodeld in Sources */,
				3502010A209E044000CA539F /* Species.swift in Sources */,
				35020112209E892600CA539F /* InformationView.swift in Sources */,
				35294E0E209973E600168295 /* InformationApiClient.swift in Sources */,
				357826B121F51961003D0A64 /* MainMenuInformationCell.swift in Sources */,
				3502010E209E79CE00CA539F /* InformationViewController.swift in Sources */,
			);
			runOnlyForDeploymentPostprocessing = 0;
		};
/* End PBXSourcesBuildPhase section */

/* Begin PBXVariantGroup section */
		35294DF720996F7E00168295 /* Main.storyboard */ = {
			isa = PBXVariantGroup;
			children = (
				35294DF820996F7E00168295 /* Base */,
			);
			name = Main.storyboard;
			sourceTree = "<group>";
		};
		35294DFF20996F8200168295 /* LaunchScreen.storyboard */ = {
			isa = PBXVariantGroup;
			children = (
				35294E0020996F8200168295 /* Base */,
			);
			name = LaunchScreen.storyboard;
			sourceTree = "<group>";
		};
/* End PBXVariantGroup section */

/* Begin XCBuildConfiguration section */
		35294E0320996F8200168295 /* Debug */ = {
			isa = XCBuildConfiguration;
			buildSettings = {
				ALWAYS_SEARCH_USER_PATHS = NO;
				CLANG_ANALYZER_NONNULL = YES;
				CLANG_ANALYZER_NUMBER_OBJECT_CONVERSION = YES_AGGRESSIVE;
				CLANG_CXX_LANGUAGE_STANDARD = "gnu++14";
				CLANG_CXX_LIBRARY = "libc++";
				CLANG_ENABLE_MODULES = YES;
				CLANG_ENABLE_OBJC_ARC = YES;
				CLANG_ENABLE_OBJC_WEAK = YES;
				CLANG_WARN_BLOCK_CAPTURE_AUTORELEASING = YES;
				CLANG_WARN_BOOL_CONVERSION = YES;
				CLANG_WARN_COMMA = YES;
				CLANG_WARN_CONSTANT_CONVERSION = YES;
				CLANG_WARN_DEPRECATED_OBJC_IMPLEMENTATIONS = YES;
				CLANG_WARN_DIRECT_OBJC_ISA_USAGE = YES_ERROR;
				CLANG_WARN_DOCUMENTATION_COMMENTS = YES;
				CLANG_WARN_EMPTY_BODY = YES;
				CLANG_WARN_ENUM_CONVERSION = YES;
				CLANG_WARN_INFINITE_RECURSION = YES;
				CLANG_WARN_INT_CONVERSION = YES;
				CLANG_WARN_NON_LITERAL_NULL_CONVERSION = YES;
				CLANG_WARN_OBJC_IMPLICIT_RETAIN_SELF = YES;
				CLANG_WARN_OBJC_LITERAL_CONVERSION = YES;
				CLANG_WARN_OBJC_ROOT_CLASS = YES_ERROR;
				CLANG_WARN_RANGE_LOOP_ANALYSIS = YES;
				CLANG_WARN_STRICT_PROTOTYPES = YES;
				CLANG_WARN_SUSPICIOUS_MOVE = YES;
				CLANG_WARN_UNGUARDED_AVAILABILITY = YES_AGGRESSIVE;
				CLANG_WARN_UNREACHABLE_CODE = YES;
				CLANG_WARN__DUPLICATE_METHOD_MATCH = YES;
				CODE_SIGN_IDENTITY = "iPhone Developer";
				COPY_PHASE_STRIP = NO;
				DEBUG_INFORMATION_FORMAT = dwarf;
				ENABLE_STRICT_OBJC_MSGSEND = YES;
				ENABLE_TESTABILITY = YES;
				GCC_C_LANGUAGE_STANDARD = gnu11;
				GCC_DYNAMIC_NO_PIC = NO;
				GCC_NO_COMMON_BLOCKS = YES;
				GCC_OPTIMIZATION_LEVEL = 0;
				GCC_PREPROCESSOR_DEFINITIONS = (
					"DEBUG=1",
					"$(inherited)",
				);
				GCC_WARN_64_TO_32_BIT_CONVERSION = YES;
				GCC_WARN_ABOUT_RETURN_TYPE = YES_ERROR;
				GCC_WARN_UNDECLARED_SELECTOR = YES;
				GCC_WARN_UNINITIALIZED_AUTOS = YES_AGGRESSIVE;
				GCC_WARN_UNUSED_FUNCTION = YES;
				GCC_WARN_UNUSED_VARIABLE = YES;
				IPHONEOS_DEPLOYMENT_TARGET = 11.3;
				MTL_ENABLE_DEBUG_INFO = YES;
				ONLY_ACTIVE_ARCH = YES;
				SDKROOT = iphoneos;
				SWIFT_ACTIVE_COMPILATION_CONDITIONS = DEBUG;
				SWIFT_OPTIMIZATION_LEVEL = "-Onone";
			};
			name = Debug;
		};
		35294E0420996F8200168295 /* Release */ = {
			isa = XCBuildConfiguration;
			buildSettings = {
				ALWAYS_SEARCH_USER_PATHS = NO;
				CLANG_ANALYZER_NONNULL = YES;
				CLANG_ANALYZER_NUMBER_OBJECT_CONVERSION = YES_AGGRESSIVE;
				CLANG_CXX_LANGUAGE_STANDARD = "gnu++14";
				CLANG_CXX_LIBRARY = "libc++";
				CLANG_ENABLE_MODULES = YES;
				CLANG_ENABLE_OBJC_ARC = YES;
				CLANG_ENABLE_OBJC_WEAK = YES;
				CLANG_WARN_BLOCK_CAPTURE_AUTORELEASING = YES;
				CLANG_WARN_BOOL_CONVERSION = YES;
				CLANG_WARN_COMMA = YES;
				CLANG_WARN_CONSTANT_CONVERSION = YES;
				CLANG_WARN_DEPRECATED_OBJC_IMPLEMENTATIONS = YES;
				CLANG_WARN_DIRECT_OBJC_ISA_USAGE = YES_ERROR;
				CLANG_WARN_DOCUMENTATION_COMMENTS = YES;
				CLANG_WARN_EMPTY_BODY = YES;
				CLANG_WARN_ENUM_CONVERSION = YES;
				CLANG_WARN_INFINITE_RECURSION = YES;
				CLANG_WARN_INT_CONVERSION = YES;
				CLANG_WARN_NON_LITERAL_NULL_CONVERSION = YES;
				CLANG_WARN_OBJC_IMPLICIT_RETAIN_SELF = YES;
				CLANG_WARN_OBJC_LITERAL_CONVERSION = YES;
				CLANG_WARN_OBJC_ROOT_CLASS = YES_ERROR;
				CLANG_WARN_RANGE_LOOP_ANALYSIS = YES;
				CLANG_WARN_STRICT_PROTOTYPES = YES;
				CLANG_WARN_SUSPICIOUS_MOVE = YES;
				CLANG_WARN_UNGUARDED_AVAILABILITY = YES_AGGRESSIVE;
				CLANG_WARN_UNREACHABLE_CODE = YES;
				CLANG_WARN__DUPLICATE_METHOD_MATCH = YES;
				CODE_SIGN_IDENTITY = "iPhone Developer";
				COPY_PHASE_STRIP = NO;
				DEBUG_INFORMATION_FORMAT = "dwarf-with-dsym";
				ENABLE_NS_ASSERTIONS = NO;
				ENABLE_STRICT_OBJC_MSGSEND = YES;
				GCC_C_LANGUAGE_STANDARD = gnu11;
				GCC_NO_COMMON_BLOCKS = YES;
				GCC_WARN_64_TO_32_BIT_CONVERSION = YES;
				GCC_WARN_ABOUT_RETURN_TYPE = YES_ERROR;
				GCC_WARN_UNDECLARED_SELECTOR = YES;
				GCC_WARN_UNINITIALIZED_AUTOS = YES_AGGRESSIVE;
				GCC_WARN_UNUSED_FUNCTION = YES;
				GCC_WARN_UNUSED_VARIABLE = YES;
				IPHONEOS_DEPLOYMENT_TARGET = 11.3;
				MTL_ENABLE_DEBUG_INFO = NO;
				SDKROOT = iphoneos;
				SWIFT_COMPILATION_MODE = wholemodule;
				SWIFT_OPTIMIZATION_LEVEL = "-O";
				VALIDATE_PRODUCT = YES;
			};
			name = Release;
		};
		35294E0620996F8200168295 /* Debug */ = {
			isa = XCBuildConfiguration;
			baseConfigurationReference = 6A2C6781BDB80140C52D9C6C /* Pods-StarWarsInformation.debug.xcconfig */;
			buildSettings = {
				ASSETCATALOG_COMPILER_APPICON_NAME = AppIcon;
				CODE_SIGN_STYLE = Automatic;
				DEVELOPMENT_TEAM = 7WTUYKQ3T8;
				INFOPLIST_FILE = StarWarsInformation/Info.plist;
				LD_RUNPATH_SEARCH_PATHS = (
					"$(inherited)",
					"@executable_path/Frameworks",
				);
				PRODUCT_BUNDLE_IDENTIFIER = personal.StarWarsInformation;
				PRODUCT_NAME = "$(TARGET_NAME)";
				SWIFT_VERSION = 4.0;
				TARGETED_DEVICE_FAMILY = "1,2";
			};
			name = Debug;
		};
		35294E0720996F8200168295 /* Release */ = {
			isa = XCBuildConfiguration;
			baseConfigurationReference = 5A8CB1AC87F8348429988E59 /* Pods-StarWarsInformation.release.xcconfig */;
			buildSettings = {
				ASSETCATALOG_COMPILER_APPICON_NAME = AppIcon;
				CODE_SIGN_STYLE = Automatic;
				DEVELOPMENT_TEAM = 7WTUYKQ3T8;
				INFOPLIST_FILE = StarWarsInformation/Info.plist;
				LD_RUNPATH_SEARCH_PATHS = (
					"$(inherited)",
					"@executable_path/Frameworks",
				);
				PRODUCT_BUNDLE_IDENTIFIER = personal.StarWarsInformation;
				PRODUCT_NAME = "$(TARGET_NAME)";
				SWIFT_VERSION = 4.0;
				TARGETED_DEVICE_FAMILY = "1,2";
			};
			name = Release;
		};
/* End XCBuildConfiguration section */

/* Begin XCConfigurationList section */
		35294DEB20996F7E00168295 /* Build configuration list for PBXProject "StarWarsInformation" */ = {
			isa = XCConfigurationList;
			buildConfigurations = (
				35294E0320996F8200168295 /* Debug */,
				35294E0420996F8200168295 /* Release */,
			);
			defaultConfigurationIsVisible = 0;
			defaultConfigurationName = Release;
		};
		35294E0520996F8200168295 /* Build configuration list for PBXNativeTarget "StarWarsInformation" */ = {
			isa = XCConfigurationList;
			buildConfigurations = (
				35294E0620996F8200168295 /* Debug */,
				35294E0720996F8200168295 /* Release */,
			);
			defaultConfigurationIsVisible = 0;
			defaultConfigurationName = Release;
		};
/* End XCConfigurationList section */

/* Begin XCVersionGroup section */
		35294DFA20996F7E00168295 /* StarWarsInformation.xcdatamodeld */ = {
			isa = XCVersionGroup;
			children = (
				35294DFB20996F7E00168295 /* StarWarsInformation.xcdatamodel */,
			);
			currentVersion = 35294DFB20996F7E00168295 /* StarWarsInformation.xcdatamodel */;
			path = StarWarsInformation.xcdatamodeld;
			sourceTree = "<group>";
			versionGroupType = wrapper.xcdatamodel;
		};
/* End XCVersionGroup section */
	};
	rootObject = 35294DE820996F7E00168295 /* Project object */;
}
